
Microsoft Visual Studio Solution File, Format Version 12.00
# Visual Studio 15
Project("{FAE04EC0-301F-11D3-BF4B-00C04F79EFBC}") = "Assembly-CSharp", "Assembly-CSharp.csproj", "{21D6E09A-97A5-F562-FC33-7EF5CF07105E}"
EndProject
Project("{FAE04EC0-301F-11D3-BF4B-00C04F79EFBC}") = "Assembly-CSharp-Editor", "Assembly-CSharp-Editor.csproj", "{9CEC4B17-1D28-8786-4FA6-F2F5C7BE48AB}"
EndProject
Global
	GlobalSection(SolutionConfigurationPlatforms) = preSolution
		Debug|Any CPU = Debug|Any CPU
		Release|Any CPU = Release|Any CPU
	EndGlobalSection
	GlobalSection(ProjectConfigurationPlatforms) = postSolution
		{21D6E09A-97A5-F562-FC33-7EF5CF07105E}.Debug|Any CPU.ActiveCfg = Debug|Any CPU
		{21D6E09A-97A5-F562-FC33-7EF5CF07105E}.Debug|Any CPU.Build.0 = Debug|Any CPU
		{21D6E09A-97A5-F562-FC33-7EF5CF07105E}.Release|Any CPU.ActiveCfg = Release|Any CPU
		{21D6E09A-97A5-F562-FC33-7EF5CF07105E}.Release|Any CPU.Build.0 = Release|Any CPU
		{9CEC4B17-1D28-8786-4FA6-F2F5C7BE48AB}.Debug|Any CPU.ActiveCfg = Debug|Any CPU
		{9CEC4B17-1D28-8786-4FA6-F2F5C7BE48AB}.Debug|Any CPU.Build.0 = Debug|Any CPU
		{9CEC4B17-1D28-8786-4FA6-F2F5C7BE48AB}.Release|Any CPU.ActiveCfg = Release|Any CPU
		{9CEC4B17-1D28-8786-4FA6-F2F5C7BE48AB}.Release|Any CPU.Build.0 = Release|Any CPU
	EndGlobalSection
	GlobalSection(SolutionProperties) = preSolution
		HideSolutionNode = FALSE
	EndGlobalSection
EndGlobal
