
Microsoft Visual Studio Solution File, Format Version 12.00
# Visual Studio 15
Project("{FAE04EC0-301F-11D3-BF4B-00C04F79EFBC}") = "Assembly-CSharp", "Assembly-CSharp.csproj", "{9201194B-D202-AF7A-2E71-05E010EF3910}"
EndProject
Project("{FAE04EC0-301F-11D3-BF4B-00C04F79EFBC}") = "Assembly-CSharp-Editor", "Assembly-CSharp-Editor.csproj", "{57BDD0A0-E99D-A7CD-421F-BC712F0C5F43}"
EndProject
Global
	GlobalSection(SolutionConfigurationPlatforms) = preSolution
		Debug|Any CPU = Debug|Any CPU
		Release|Any CPU = Release|Any CPU
	EndGlobalSection
	GlobalSection(ProjectConfigurationPlatforms) = postSolution
		{9201194B-D202-AF7A-2E71-05E010EF3910}.Debug|Any CPU.ActiveCfg = Debug|Any CPU
		{9201194B-D202-AF7A-2E71-05E010EF3910}.Debug|Any CPU.Build.0 = Debug|Any CPU
		{9201194B-D202-AF7A-2E71-05E010EF3910}.Release|Any CPU.ActiveCfg = Release|Any CPU
		{9201194B-D202-AF7A-2E71-05E010EF3910}.Release|Any CPU.Build.0 = Release|Any CPU
		{57BDD0A0-E99D-A7CD-421F-BC712F0C5F43}.Debug|Any CPU.ActiveCfg = Debug|Any CPU
		{57BDD0A0-E99D-A7CD-421F-BC712F0C5F43}.Debug|Any CPU.Build.0 = Debug|Any CPU
		{57BDD0A0-E99D-A7CD-421F-BC712F0C5F43}.Release|Any CPU.ActiveCfg = Release|Any CPU
		{57BDD0A0-E99D-A7CD-421F-BC712F0C5F43}.Release|Any CPU.Build.0 = Release|Any CPU
	EndGlobalSection
	GlobalSection(SolutionProperties) = preSolution
		HideSolutionNode = FALSE
	EndGlobalSection
EndGlobal
